// !$*UTF8*$!
{
	archiveVersion = 1;
	classes = {
	};
	objectVersion = 51;
	objects = {

/* Begin PBXBuildFile section */
		7B54B875251749110019DF2C /* TableViewCell.swift in Sources */ = {isa = PBXBuildFile; fileRef = 7B54B874251749110019DF2C /* TableViewCell.swift */; };
		7B54B87E2517B3050019DF2C /* CustomFrameViewController.swift in Sources */ = {isa = PBXBuildFile; fileRef = 7B54B87D2517B3040019DF2C /* CustomFrameViewController.swift */; };
		7B54B8802517B4C10019DF2C /* DefaultPropertiesViewController.swift in Sources */ = {isa = PBXBuildFile; fileRef = 7B54B87F2517B4C10019DF2C /* DefaultPropertiesViewController.swift */; };
		7B54B8822517BA380019DF2C /* SizeToFitViewController.swift in Sources */ = {isa = PBXBuildFile; fileRef = 7B54B8812517BA380019DF2C /* SizeToFitViewController.swift */; };
		7BA9F56325114CAB002626EE /* AppDelegate.swift in Sources */ = {isa = PBXBuildFile; fileRef = 7BA9F56225114CAB002626EE /* AppDelegate.swift */; };
		7BA9F56525114CAB002626EE /* SceneDelegate.swift in Sources */ = {isa = PBXBuildFile; fileRef = 7BA9F56425114CAB002626EE /* SceneDelegate.swift */; };
		7BA9F56725114CAB002626EE /* ViewController.swift in Sources */ = {isa = PBXBuildFile; fileRef = 7BA9F56625114CAB002626EE /* ViewController.swift */; };
		7BA9F56A25114CAB002626EE /* Main.storyboard in Resources */ = {isa = PBXBuildFile; fileRef = 7BA9F56825114CAB002626EE /* Main.storyboard */; };
		7BA9F56C25114CAD002626EE /* Assets.xcassets in Resources */ = {isa = PBXBuildFile; fileRef = 7BA9F56B25114CAD002626EE /* Assets.xcassets */; };
		7BA9F56F25114CAD002626EE /* LaunchScreen.storyboard in Resources */ = {isa = PBXBuildFile; fileRef = 7BA9F56D25114CAD002626EE /* LaunchScreen.storyboard */; };
		F260E5F5548E7BC6A3A32C28 /* Pods_FloatButtonToScrollExample.framework in Frameworks */ = {isa = PBXBuildFile; fileRef = 6CB84295080EDFBF3C930899 /* Pods_FloatButtonToScrollExample.framework */; };
/* End PBXBuildFile section */

/* Begin PBXFileReference section */
		515E447050E6EAAA99A6C1A9 /* Pods-FloatButtonToScrollExample.release.xcconfig */ = {isa = PBXFileReference; includeInIndex = 1; lastKnownFileType = text.xcconfig; name = "Pods-FloatButtonToScrollExample.release.xcconfig"; path = "Target Support Files/Pods-FloatButtonToScrollExample/Pods-FloatButtonToScrollExample.release.xcconfig"; sourceTree = "<group>"; };
		6CB84295080EDFBF3C930899 /* Pods_FloatButtonToScrollExample.framework */ = {isa = PBXFileReference; explicitFileType = wrapper.framework; includeInIndex = 0; path = Pods_FloatButtonToScrollExample.framework; sourceTree = BUILT_PRODUCTS_DIR; };
		7B54B874251749110019DF2C /* TableViewCell.swift */ = {isa = PBXFileReference; lastKnownFileType = sourcecode.swift; path = TableViewCell.swift; sourceTree = "<group>"; };
		7B54B87D2517B3040019DF2C /* CustomFrameViewController.swift */ = {isa = PBXFileReference; lastKnownFileType = sourcecode.swift; path = CustomFrameViewController.swift; sourceTree = "<group>"; };
		7B54B87F2517B4C10019DF2C /* DefaultPropertiesViewController.swift */ = {isa = PBXFileReference; lastKnownFileType = sourcecode.swift; path = DefaultPropertiesViewController.swift; sourceTree = "<group>"; };
		7B54B8812517BA380019DF2C /* SizeToFitViewController.swift */ = {isa = PBXFileReference; lastKnownFileType = sourcecode.swift; path = SizeToFitViewController.swift; sourceTree = "<group>"; };
		7BA9F55F25114CAB002626EE /* FloatButtonToScrollExample.app */ = {isa = PBXFileReference; explicitFileType = wrapper.application; includeInIndex = 0; path = FloatButtonToScrollExample.app; sourceTree = BUILT_PRODUCTS_DIR; };
		7BA9F56225114CAB002626EE /* AppDelegate.swift */ = {isa = PBXFileReference; lastKnownFileType = sourcecode.swift; path = AppDelegate.swift; sourceTree = "<group>"; };
		7BA9F56425114CAB002626EE /* SceneDelegate.swift */ = {isa = PBXFileReference; lastKnownFileType = sourcecode.swift; path = SceneDelegate.swift; sourceTree = "<group>"; };
		7BA9F56625114CAB002626EE /* ViewController.swift */ = {isa = PBXFileReference; lastKnownFileType = sourcecode.swift; path = ViewController.swift; sourceTree = "<group>"; };
		7BA9F56925114CAB002626EE /* Base */ = {isa = PBXFileReference; lastKnownFileType = file.storyboard; name = Base; path = Base.lproj/Main.storyboard; sourceTree = "<group>"; };
		7BA9F56B25114CAD002626EE /* Assets.xcassets */ = {isa = PBXFileReference; lastKnownFileType = folder.assetcatalog; path = Assets.xcassets; sourceTree = "<group>"; };
		7BA9F56E25114CAD002626EE /* Base */ = {isa = PBXFileReference; lastKnownFileType = file.storyboard; name = Base; path = Base.lproj/LaunchScreen.storyboard; sourceTree = "<group>"; };
		7BA9F57025114CAD002626EE /* Info.plist */ = {isa = PBXFileReference; lastKnownFileType = text.plist.xml; path = Info.plist; sourceTree = "<group>"; };
		8DFF10FB177D0D3A72757420 /* Pods-FloatButtonToScrollExample.debug.xcconfig */ = {isa = PBXFileReference; includeInIndex = 1; lastKnownFileType = text.xcconfig; name = "Pods-FloatButtonToScrollExample.debug.xcconfig"; path = "Target Support Files/Pods-FloatButtonToScrollExample/Pods-FloatButtonToScrollExample.debug.xcconfig"; sourceTree = "<group>"; };
/* End PBXFileReference section */

/* Begin PBXFrameworksBuildPhase section */
		7BA9F55C25114CAB002626EE /* Frameworks */ = {
			isa = PBXFrameworksBuildPhase;
			buildActionMask = 2147483647;
			files = (
				F260E5F5548E7BC6A3A32C28 /* Pods_FloatButtonToScrollExample.framework in Frameworks */,
			);
			runOnlyForDeploymentPostprocessing = 0;
		};
/* End PBXFrameworksBuildPhase section */

/* Begin PBXGroup section */
		7BA9F55625114CAA002626EE = {
			isa = PBXGroup;
			children = (
				7BA9F56125114CAB002626EE /* FloatButtonToScrollExample */,
				7BA9F56025114CAB002626EE /* Products */,
				F3560313C1B958606CF8DF3A /* Pods */,
				9D7A620173755F345147BD49 /* Frameworks */,
			);
			sourceTree = "<group>";
		};
		7BA9F56025114CAB002626EE /* Products */ = {
			isa = PBXGroup;
			children = (
				7BA9F55F25114CAB002626EE /* FloatButtonToScrollExample.app */,
			);
			name = Products;
			sourceTree = "<group>";
		};
		7BA9F56125114CAB002626EE /* FloatButtonToScrollExample */ = {
			isa = PBXGroup;
			children = (
				7BA9F56225114CAB002626EE /* AppDelegate.swift */,
				7BA9F56425114CAB002626EE /* SceneDelegate.swift */,
				7BA9F56625114CAB002626EE /* ViewController.swift */,
				7BA9F56825114CAB002626EE /* Main.storyboard */,
				7BA9F56B25114CAD002626EE /* Assets.xcassets */,
				7BA9F56D25114CAD002626EE /* LaunchScreen.storyboard */,
				7BA9F57025114CAD002626EE /* Info.plist */,
				7B54B874251749110019DF2C /* TableViewCell.swift */,
				7B54B87D2517B3040019DF2C /* CustomFrameViewController.swift */,
				7B54B87F2517B4C10019DF2C /* DefaultPropertiesViewController.swift */,
				7B54B8812517BA380019DF2C /* SizeToFitViewController.swift */,
			);
			path = FloatButtonToScrollExample;
			sourceTree = "<group>";
		};
		9D7A620173755F345147BD49 /* Frameworks */ = {
			isa = PBXGroup;
			children = (
				6CB84295080EDFBF3C930899 /* Pods_FloatButtonToScrollExample.framework */,
			);
			name = Frameworks;
			sourceTree = "<group>";
		};
		F3560313C1B958606CF8DF3A /* Pods */ = {
			isa = PBXGroup;
			children = (
				8DFF10FB177D0D3A72757420 /* Pods-FloatButtonToScrollExample.debug.xcconfig */,
				515E447050E6EAAA99A6C1A9 /* Pods-FloatButtonToScrollExample.release.xcconfig */,
			);
			path = Pods;
			sourceTree = "<group>";
		};
/* End PBXGroup section */

/* Begin PBXNativeTarget section */
		7BA9F55E25114CAB002626EE /* FloatButtonToScrollExample */ = {
			isa = PBXNativeTarget;
			buildConfigurationList = 7BA9F57325114CAD002626EE /* Build configuration list for PBXNativeTarget "FloatButtonToScrollExample" */;
			buildPhases = (
				44164AC99FFA9D7F3848ED99 /* [CP] Check Pods Manifest.lock */,
				7BA9F55B25114CAB002626EE /* Sources */,
				7BA9F55C25114CAB002626EE /* Frameworks */,
				7BA9F55D25114CAB002626EE /* Resources */,
				F4829364981BBCF8C712627F /* [CP] Embed Pods Frameworks */,
			);
			buildRules = (
			);
			dependencies = (
			);
			name = FloatButtonToScrollExample;
			productName = FloatButtonToScrollExample;
			productReference = 7BA9F55F25114CAB002626EE /* FloatButtonToScrollExample.app */;
			productType = "com.apple.product-type.application";
		};
/* End PBXNativeTarget section */

/* Begin PBXProject section */
		7BA9F55725114CAA002626EE /* Project object */ = {
			isa = PBXProject;
			attributes = {
				LastSwiftUpdateCheck = 1110;
				LastUpgradeCheck = 1110;
				ORGANIZATIONNAME = "Fotis Kalaitzidis";
				TargetAttributes = {
					7BA9F55E25114CAB002626EE = {
						CreatedOnToolsVersion = 11.1;
					};
				};
			};
			buildConfigurationList = 7BA9F55A25114CAA002626EE /* Build configuration list for PBXProject "FloatButtonToScrollExample" */;
			compatibilityVersion = "Xcode 9.3";
			developmentRegion = en;
			hasScannedForEncodings = 0;
			knownRegions = (
				en,
				Base,
			);
			mainGroup = 7BA9F55625114CAA002626EE;
			productRefGroup = 7BA9F56025114CAB002626EE /* Products */;
			projectDirPath = "";
			projectRoot = "";
			targets = (
				7BA9F55E25114CAB002626EE /* FloatButtonToScrollExample */,
			);
		};
/* End PBXProject section */

/* Begin PBXResourcesBuildPhase section */
		7BA9F55D25114CAB002626EE /* Resources */ = {
			isa = PBXResourcesBuildPhase;
			buildActionMask = 2147483647;
			files = (
				7BA9F56F25114CAD002626EE /* LaunchScreen.storyboard in Resources */,
				7BA9F56C25114CAD002626EE /* Assets.xcassets in Resources */,
				7BA9F56A25114CAB002626EE /* Main.storyboard in Resources */,
			);
			runOnlyForDeploymentPostprocessing = 0;
		};
/* End PBXResourcesBuildPhase section */

/* Begin PBXShellScriptBuildPhase section */
		44164AC99FFA9D7F3848ED99 /* [CP] Check Pods Manifest.lock */ = {
			isa = PBXShellScriptBuildPhase;
			buildActionMask = 2147483647;
			files = (
			);
			inputFileListPaths = (
			);
			inputPaths = (
				"${PODS_PODFILE_DIR_PATH}/Podfile.lock",
				"${PODS_ROOT}/Manifest.lock",
			);
			name = "[CP] Check Pods Manifest.lock";
			outputFileListPaths = (
			);
			outputPaths = (
				"$(DERIVED_FILE_DIR)/Pods-FloatButtonToScrollExample-checkManifestLockResult.txt",
			);
			runOnlyForDeploymentPostprocessing = 0;
			shellPath = /bin/sh;
			shellScript = "diff \"${PODS_PODFILE_DIR_PATH}/Podfile.lock\" \"${PODS_ROOT}/Manifest.lock\" > /dev/null\nif [ $? != 0 ] ; then\n    # print error to STDERR\n    echo \"error: The sandbox is not in sync with the Podfile.lock. Run 'pod install' or update your CocoaPods installation.\" >&2\n    exit 1\nfi\n# This output is used by Xcode 'outputs' to avoid re-running this script phase.\necho \"SUCCESS\" > \"${SCRIPT_OUTPUT_FILE_0}\"\n";
			showEnvVarsInLog = 0;
		};
		F4829364981BBCF8C712627F /* [CP] Embed Pods Frameworks */ = {
			isa = PBXShellScriptBuildPhase;
			buildActionMask = 2147483647;
			files = (
			);
			inputFileListPaths = (
				"${PODS_ROOT}/Target Support Files/Pods-FloatButtonToScrollExample/Pods-FloatButtonToScrollExample-frameworks-${CONFIGURATION}-input-files.xcfilelist",
			);
			name = "[CP] Embed Pods Frameworks";
			outputFileListPaths = (
				"${PODS_ROOT}/Target Support Files/Pods-FloatButtonToScrollExample/Pods-FloatButtonToScrollExample-frameworks-${CONFIGURATION}-output-files.xcfilelist",
			);
			runOnlyForDeploymentPostprocessing = 0;
			shellPath = /bin/sh;
			shellScript = "\"${PODS_ROOT}/Target Support Files/Pods-FloatButtonToScrollExample/Pods-FloatButtonToScrollExample-frameworks.sh\"\n";
			showEnvVarsInLog = 0;
		};
/* End PBXShellScriptBuildPhase section */

/* Begin PBXSourcesBuildPhase section */
		7BA9F55B25114CAB002626EE /* Sources */ = {
			isa = PBXSourcesBuildPhase;
			buildActionMask = 2147483647;
			files = (
				7BA9F56725114CAB002626EE /* ViewController.swift in Sources */,
				7B54B8802517B4C10019DF2C /* DefaultPropertiesViewController.swift in Sources */,
				7B54B8822517BA380019DF2C /* SizeToFitViewController.swift in Sources */,
				7B54B87E2517B3050019DF2C /* CustomFrameViewController.swift in Sources */,
				7B54B875251749110019DF2C /* TableViewCell.swift in Sources */,
				7BA9F56325114CAB002626EE /* AppDelegate.swift in Sources */,
				7BA9F56525114CAB002626EE /* SceneDelegate.swift in Sources */,
			);
			runOnlyForDeploymentPostprocessing = 0;
		};
/* End PBXSourcesBuildPhase section */

/* Begin PBXVariantGroup section */
		7BA9F56825114CAB002626EE /* Main.storyboard */ = {
			isa = PBXVariantGroup;
			children = (
				7BA9F56925114CAB002626EE /* Base */,
			);
			name = Main.storyboard;
			sourceTree = "<group>";
		};
		7BA9F56D25114CAD002626EE /* LaunchScreen.storyboard */ = {
			isa = PBXVariantGroup;
			children = (
				7BA9F56E25114CAD002626EE /* Base */,
			);
			name = LaunchScreen.storyboard;
			sourceTree = "<group>";
		};
/* End PBXVariantGroup section */

/* Begin XCBuildConfiguration section */
		7BA9F57125114CAD002626EE /* Debug */ = {
			isa = XCBuildConfiguration;
			buildSettings = {
				ALWAYS_SEARCH_USER_PATHS = NO;
				CLANG_ANALYZER_NONNULL = YES;
				CLANG_ANALYZER_NUMBER_OBJECT_CONVERSION = YES_AGGRESSIVE;
				CLANG_CXX_LANGUAGE_STANDARD = "gnu++14";
				CLANG_CXX_LIBRARY = "libc++";
				CLANG_ENABLE_MODULES = YES;
				CLANG_ENABLE_OBJC_ARC = YES;
				CLANG_ENABLE_OBJC_WEAK = YES;
				CLANG_WARN_BLOCK_CAPTURE_AUTORELEASING = YES;
				CLANG_WARN_BOOL_CONVERSION = YES;
				CLANG_WARN_COMMA = YES;
				CLANG_WARN_CONSTANT_CONVERSION = YES;
				CLANG_WARN_DEPRECATED_OBJC_IMPLEMENTATIONS = YES;
				CLANG_WARN_DIRECT_OBJC_ISA_USAGE = YES_ERROR;
				CLANG_WARN_DOCUMENTATION_COMMENTS = YES;
				CLANG_WARN_EMPTY_BODY = YES;
				CLANG_WARN_ENUM_CONVERSION = YES;
				CLANG_WARN_INFINITE_RECURSION = YES;
				CLANG_WARN_INT_CONVERSION = YES;
				CLANG_WARN_NON_LITERAL_NULL_CONVERSION = YES;
				CLANG_WARN_OBJC_IMPLICIT_RETAIN_SELF = YES;
				CLANG_WARN_OBJC_LITERAL_CONVERSION = YES;
				CLANG_WARN_OBJC_ROOT_CLASS = YES_ERROR;
				CLANG_WARN_RANGE_LOOP_ANALYSIS = YES;
				CLANG_WARN_STRICT_PROTOTYPES = YES;
				CLANG_WARN_SUSPICIOUS_MOVE = YES;
				CLANG_WARN_UNGUARDED_AVAILABILITY = YES_AGGRESSIVE;
				CLANG_WARN_UNREACHABLE_CODE = YES;
				CLANG_WARN__DUPLICATE_METHOD_MATCH = YES;
				COPY_PHASE_STRIP = NO;
				DEBUG_INFORMATION_FORMAT = dwarf;
				ENABLE_STRICT_OBJC_MSGSEND = YES;
				ENABLE_TESTABILITY = YES;
				GCC_C_LANGUAGE_STANDARD = gnu11;
				GCC_DYNAMIC_NO_PIC = NO;
				GCC_NO_COMMON_BLOCKS = YES;
				GCC_OPTIMIZATION_LEVEL = 0;
				GCC_PREPROCESSOR_DEFINITIONS = (
					"DEBUG=1",
					"$(inherited)",
				);
				GCC_WARN_64_TO_32_BIT_CONVERSION = YES;
				GCC_WARN_ABOUT_RETURN_TYPE = YES_ERROR;
				GCC_WARN_UNDECLARED_SELECTOR = YES;
				GCC_WARN_UNINITIALIZED_AUTOS = YES_AGGRESSIVE;
				GCC_WARN_UNUSED_FUNCTION = YES;
				GCC_WARN_UNUSED_VARIABLE = YES;
				IPHONEOS_DEPLOYMENT_TARGET = 10.0;
				MTL_ENABLE_DEBUG_INFO = INCLUDE_SOURCE;
				MTL_FAST_MATH = YES;
				ONLY_ACTIVE_ARCH = YES;
				SDKROOT = iphoneos;
				SWIFT_ACTIVE_COMPILATION_CONDITIONS = DEBUG;
				SWIFT_OPTIMIZATION_LEVEL = "-Onone";
			};
			name = Debug;
		};
		7BA9F57225114CAD002626EE /* Release */ = {
			isa = XCBuildConfiguration;
			buildSettings = {
				ALWAYS_SEARCH_USER_PATHS = NO;
				CLANG_ANALYZER_NONNULL = YES;
				CLANG_ANALYZER_NUMBER_OBJECT_CONVERSION = YES_AGGRESSIVE;
				CLANG_CXX_LANGUAGE_STANDARD = "gnu++14";
				CLANG_CXX_LIBRARY = "libc++";
				CLANG_ENABLE_MODULES = YES;
				CLANG_ENABLE_OBJC_ARC = YES;
				CLANG_ENABLE_OBJC_WEAK = YES;
				CLANG_WARN_BLOCK_CAPTURE_AUTORELEASING = YES;
				CLANG_WARN_BOOL_CONVERSION = YES;
				CLANG_WARN_COMMA = YES;
				CLANG_WARN_CONSTANT_CONVERSION = YES;
				CLANG_WARN_DEPRECATED_OBJC_IMPLEMENTATIONS = YES;
				CLANG_WARN_DIRECT_OBJC_ISA_USAGE = YES_ERROR;
				CLANG_WARN_DOCUMENTATION_COMMENTS = YES;
				CLANG_WARN_EMPTY_BODY = YES;
				CLANG_WARN_ENUM_CONVERSION = YES;
				CLANG_WARN_INFINITE_RECURSION = YES;
				CLANG_WARN_INT_CONVERSION = YES;
				CLANG_WARN_NON_LITERAL_NULL_CONVERSION = YES;
				CLANG_WARN_OBJC_IMPLICIT_RETAIN_SELF = YES;
				CLANG_WARN_OBJC_LITERAL_CONVERSION = YES;
				CLANG_WARN_OBJC_ROOT_CLASS = YES_ERROR;
				CLANG_WARN_RANGE_LOOP_ANALYSIS = YES;
				CLANG_WARN_STRICT_PROTOTYPES = YES;
				CLANG_WARN_SUSPICIOUS_MOVE = YES;
				CLANG_WARN_UNGUARDED_AVAILABILITY = YES_AGGRESSIVE;
				CLANG_WARN_UNREACHABLE_CODE = YES;
				CLANG_WARN__DUPLICATE_METHOD_MATCH = YES;
				COPY_PHASE_STRIP = NO;
				DEBUG_INFORMATION_FORMAT = "dwarf-with-dsym";
				ENABLE_NS_ASSERTIONS = NO;
				ENABLE_STRICT_OBJC_MSGSEND = YES;
				GCC_C_LANGUAGE_STANDARD = gnu11;
				GCC_NO_COMMON_BLOCKS = YES;
				GCC_WARN_64_TO_32_BIT_CONVERSION = YES;
				GCC_WARN_ABOUT_RETURN_TYPE = YES_ERROR;
				GCC_WARN_UNDECLARED_SELECTOR = YES;
				GCC_WARN_UNINITIALIZED_AUTOS = YES_AGGRESSIVE;
				GCC_WARN_UNUSED_FUNCTION = YES;
				GCC_WARN_UNUSED_VARIABLE = YES;
				IPHONEOS_DEPLOYMENT_TARGET = 10.0;
				MTL_ENABLE_DEBUG_INFO = NO;
				MTL_FAST_MATH = YES;
				SDKROOT = iphoneos;
				SWIFT_COMPILATION_MODE = wholemodule;
				SWIFT_OPTIMIZATION_LEVEL = "-O";
				VALIDATE_PRODUCT = YES;
			};
			name = Release;
		};
		7BA9F57425114CAD002626EE /* Debug */ = {
			isa = XCBuildConfiguration;
			baseConfigurationReference = 8DFF10FB177D0D3A72757420 /* Pods-FloatButtonToScrollExample.debug.xcconfig */;
			buildSettings = {
				ASSETCATALOG_COMPILER_APPICON_NAME = AppIcon;
				CODE_SIGN_STYLE = Automatic;
				DEVELOPMENT_TEAM = 4GBVZQ99S8;
				INFOPLIST_FILE = FloatButtonToScrollExample/Info.plist;
				LD_RUNPATH_SEARCH_PATHS = (
					"$(inherited)",
					"@executable_path/Frameworks",
				);
				PRODUCT_BUNDLE_IDENTIFIER = com.floatbuttontoscroll.example.gr.FloatButtonToScrollExample;
				PRODUCT_NAME = "$(TARGET_NAME)";
				SWIFT_VERSION = 5.0;
				TARGETED_DEVICE_FAMILY = "1,2";
			};
			name = Debug;
		};
		7BA9F57525114CAD002626EE /* Release */ = {
			isa = XCBuildConfiguration;
			baseConfigurationReference = 515E447050E6EAAA99A6C1A9 /* Pods-FloatButtonToScrollExample.release.xcconfig */;
			buildSettings = {
				ASSETCATALOG_COMPILER_APPICON_NAME = AppIcon;
				CODE_SIGN_STYLE = Automatic;
				DEVELOPMENT_TEAM = 4GBVZQ99S8;
				INFOPLIST_FILE = FloatButtonToScrollExample/Info.plist;
				LD_RUNPATH_SEARCH_PATHS = (
					"$(inherited)",
					"@executable_path/Frameworks",
				);
				PRODUCT_BUNDLE_IDENTIFIER = com.floatbuttontoscroll.example.gr.FloatButtonToScrollExample;
				PRODUCT_NAME = "$(TARGET_NAME)";
				SWIFT_VERSION = 5.0;
				TARGETED_DEVICE_FAMILY = "1,2";
			};
			name = Release;
		};
/* End XCBuildConfiguration section */

/* Begin XCConfigurationList section */
		7BA9F55A25114CAA002626EE /* Build configuration list for PBXProject "FloatButtonToScrollExample" */ = {
			isa = XCConfigurationList;
			buildConfigurations = (
				7BA9F57125114CAD002626EE /* Debug */,
				7BA9F57225114CAD002626EE /* Release */,
			);
			defaultConfigurationIsVisible = 0;
			defaultConfigurationName = Release;
		};
		7BA9F57325114CAD002626EE /* Build configuration list for PBXNativeTarget "FloatButtonToScrollExample" */ = {
			isa = XCConfigurationList;
			buildConfigurations = (
				7BA9F57425114CAD002626EE /* Debug */,
				7BA9F57525114CAD002626EE /* Release */,
			);
			defaultConfigurationIsVisible = 0;
			defaultConfigurationName = Release;
		};
/* End XCConfigurationList section */
	};
	rootObject = 7BA9F55725114CAA002626EE /* Project object */;
}
